<Solution>
  <Project Path="RagEvaluator.RelevanceJudge.Example/RagEvaluator.RelevanceJudge.Example.csproj" Id="bc919539-7540-41c2-9caf-e1cd994c3eb1" />
  <Project Path="RagEvaluator.RelevanceJudge/RagEvaluator.RelevanceJudge.csproj" Id="eb911069-c1d1-46f3-aec6-10332c0ea3a1" />
  <Project Path="RagEvaluator.Utilities/RagEvaluator.Utilities.csproj" Id="acb8e1ad-6a04-4622-abf7-0f2321259755" />
</Solution>
