<Solution>
  <Project Path="RagEvaluator.BusinessLogic/RagEvaluator.BusinessLogic.csproj" Id="5a2a56ea-f6db-447e-a28c-2cc43b6ae42c" />
  <Project Path="RagEvaluator.ConsoleApp/RagEvaluator.ConsoleApp.csproj" Id="bc919539-7540-41c2-9caf-e1cd994c3eb1" />
  <Project Path="RagEvaluator.Contracts/RagEvaluator.Contracts.csproj" Id="8ad7825a-da5a-4105-9b88-253ab5926571" />
  <Project Path="RagEvaluator.Core/RagEvaluator.Core.csproj" Id="078b9de2-6328-4e7c-993c-8670acb2aef0" />
</Solution>
